
Microsoft Visual Studio Solution File, Format Version 12.00
# Visual Studio Version 17
VisualStudioVersion = 17.5.33627.172
MinimumVisualStudioVersion = 10.0.40219.1
Project("{FAE04EC0-301F-11D3-BF4B-00C04F79EFBC}") = "TrabajoMDS_Centroedu", "TrabajoMDS_Centroedu\TrabajoMDS_Centroedu.csproj", "{B0E7BD11-18B4-428E-9E13-9F2A483409F3}"
EndProject
Project("{54435603-DBB4-11D2-8724-00A0C9A8B90C}") = "Aplicacion_final_Centro_edu", "Aplicacion_final_Centro_edu\Aplicacion_final_Centro_edu.vdproj", "{B9FB0300-7B16-4515-9679-85FBAF0ED652}"
EndProject
Project("{54435603-DBB4-11D2-8724-00A0C9A8B90C}") = "Centro_Educativo_EPT", "Centro_Educativo_EPT\Centro_Educativo_EPT.vdproj", "{B77F3740-7E7D-457D-918A-99FB62B0F973}"
EndProject
Global
	GlobalSection(SolutionConfigurationPlatforms) = preSolution
		Debug|Any CPU = Debug|Any CPU
		Release|Any CPU = Release|Any CPU
	EndGlobalSection
	GlobalSection(ProjectConfigurationPlatforms) = postSolution
		{B0E7BD11-18B4-428E-9E13-9F2A483409F3}.Debug|Any CPU.ActiveCfg = Debug|Any CPU
		{B0E7BD11-18B4-428E-9E13-9F2A483409F3}.Debug|Any CPU.Build.0 = Debug|Any CPU
		{B0E7BD11-18B4-428E-9E13-9F2A483409F3}.Release|Any CPU.ActiveCfg = Release|Any CPU
		{B0E7BD11-18B4-428E-9E13-9F2A483409F3}.Release|Any CPU.Build.0 = Release|Any CPU
		{B9FB0300-7B16-4515-9679-85FBAF0ED652}.Debug|Any CPU.ActiveCfg = Debug
		{B9FB0300-7B16-4515-9679-85FBAF0ED652}.Release|Any CPU.ActiveCfg = Release
		{B77F3740-7E7D-457D-918A-99FB62B0F973}.Debug|Any CPU.ActiveCfg = Debug
		{B77F3740-7E7D-457D-918A-99FB62B0F973}.Release|Any CPU.ActiveCfg = Release
	EndGlobalSection
	GlobalSection(SolutionProperties) = preSolution
		HideSolutionNode = FALSE
	EndGlobalSection
	GlobalSection(ExtensibilityGlobals) = postSolution
		SolutionGuid = {8C0A7398-5397-49BF-979B-695687F94198}
	EndGlobalSection
EndGlobal
